
Microsoft Visual Studio Solution File, Format Version 11.00
# Visual Studio 2010
Project("{FAE04EC0-301F-11D3-BF4B-00C04F79EFBC}") = "Over the edge", "Assembly-CSharp-firstpass.csproj", "{CCD918B3-1D2A-72D6-61AD-DA257300C9C4}"
EndProject
Project("{FAE04EC0-301F-11D3-BF4B-00C04F79EFBC}") = "Over the edge", "Assembly-CSharp.csproj", "{812A686B-C698-828A-8866-D0F0E5EA138C}"
EndProject
Project("{FAE04EC0-301F-11D3-BF4B-00C04F79EFBC}") = "Over the edge", "Assembly-CSharp-Editor-firstpass.csproj", "{EBAF9524-0EA5-5187-B1BB-8D889E7D6D7E}"
EndProject
Global
	GlobalSection(SolutionConfigurationPlatforms) = preSolution
		Debug|Any CPU = Debug|Any CPU
		Release|Any CPU = Release|Any CPU
	EndGlobalSection
	GlobalSection(ProjectConfigurationPlatforms) = postSolution
		{CCD918B3-1D2A-72D6-61AD-DA257300C9C4}.Debug|Any CPU.ActiveCfg = Debug|Any CPU
		{CCD918B3-1D2A-72D6-61AD-DA257300C9C4}.Debug|Any CPU.Build.0 = Debug|Any CPU
		{CCD918B3-1D2A-72D6-61AD-DA257300C9C4}.Release|Any CPU.ActiveCfg = Release|Any CPU
		{CCD918B3-1D2A-72D6-61AD-DA257300C9C4}.Release|Any CPU.Build.0 = Release|Any CPU
		{812A686B-C698-828A-8866-D0F0E5EA138C}.Debug|Any CPU.ActiveCfg = Debug|Any CPU
		{812A686B-C698-828A-8866-D0F0E5EA138C}.Debug|Any CPU.Build.0 = Debug|Any CPU
		{812A686B-C698-828A-8866-D0F0E5EA138C}.Release|Any CPU.ActiveCfg = Release|Any CPU
		{812A686B-C698-828A-8866-D0F0E5EA138C}.Release|Any CPU.Build.0 = Release|Any CPU
		{EBAF9524-0EA5-5187-B1BB-8D889E7D6D7E}.Debug|Any CPU.ActiveCfg = Debug|Any CPU
		{EBAF9524-0EA5-5187-B1BB-8D889E7D6D7E}.Debug|Any CPU.Build.0 = Debug|Any CPU
		{EBAF9524-0EA5-5187-B1BB-8D889E7D6D7E}.Release|Any CPU.ActiveCfg = Release|Any CPU
		{EBAF9524-0EA5-5187-B1BB-8D889E7D6D7E}.Release|Any CPU.Build.0 = Release|Any CPU
	EndGlobalSection
	GlobalSection(SolutionProperties) = preSolution
		HideSolutionNode = FALSE
	EndGlobalSection
	GlobalSection(MonoDevelopProperties) = preSolution
		StartupItem = Assembly-CSharp.csproj
	EndGlobalSection
EndGlobal
